
Microsoft Visual Studio Solution File, Format Version 12.00
# Visual Studio Version 17
VisualStudioVersion = 17.11.35303.130
MinimumVisualStudioVersion = 10.0.40219.1
Project("{FAE04EC0-301F-11D3-BF4B-00C04F79EFBC}") = "C#basic", "C#basic\C#basic.csproj", "{25065E93-A218-419E-8FDF-214936242AAF}"
EndProject
Project("{FAE04EC0-301F-11D3-BF4B-00C04F79EFBC}") = "Conditional&Loops", "Conditional&Loops\Conditional&Loops.csproj", "{2461B3F9-28AD-4926-B15D-0A8E44914098}"
EndProject
Global
	GlobalSection(SolutionConfigurationPlatforms) = preSolution
		Debug|Any CPU = Debug|Any CPU
		Release|Any CPU = Release|Any CPU
	EndGlobalSection
	GlobalSection(ProjectConfigurationPlatforms) = postSolution
		{25065E93-A218-419E-8FDF-214936242AAF}.Debug|Any CPU.ActiveCfg = Debug|Any CPU
		{25065E93-A218-419E-8FDF-214936242AAF}.Debug|Any CPU.Build.0 = Debug|Any CPU
		{25065E93-A218-419E-8FDF-214936242AAF}.Release|Any CPU.ActiveCfg = Release|Any CPU
		{25065E93-A218-419E-8FDF-214936242AAF}.Release|Any CPU.Build.0 = Release|Any CPU
		{2461B3F9-28AD-4926-B15D-0A8E44914098}.Debug|Any CPU.ActiveCfg = Debug|Any CPU
		{2461B3F9-28AD-4926-B15D-0A8E44914098}.Debug|Any CPU.Build.0 = Debug|Any CPU
		{2461B3F9-28AD-4926-B15D-0A8E44914098}.Release|Any CPU.ActiveCfg = Release|Any CPU
		{2461B3F9-28AD-4926-B15D-0A8E44914098}.Release|Any CPU.Build.0 = Release|Any CPU
	EndGlobalSection
	GlobalSection(SolutionProperties) = preSolution
		HideSolutionNode = FALSE
	EndGlobalSection
	GlobalSection(ExtensibilityGlobals) = postSolution
		SolutionGuid = {0B622E52-76BB-480E-AC4C-BD8338DE2318}
	EndGlobalSection
EndGlobal
